
Microsoft Visual Studio Solution File, Format Version 11.00
# Visual Studio 2010
Project("{FAE04EC0-301F-11D3-BF4B-00C04F79EFBC}") = "Magnet Field", "Magnet Field.csproj", "{1409EB77-F570-4C7F-AC58-1A09F0DDE643}"
EndProject
Global
	GlobalSection(SolutionConfigurationPlatforms) = preSolution
		Debug|x86 = Debug|x86
		Release|x86 = Release|x86
	EndGlobalSection
	GlobalSection(ProjectConfigurationPlatforms) = postSolution
		{1409EB77-F570-4C7F-AC58-1A09F0DDE643}.Debug|x86.ActiveCfg = Debug|x86
		{1409EB77-F570-4C7F-AC58-1A09F0DDE643}.Debug|x86.Build.0 = Debug|x86
		{1409EB77-F570-4C7F-AC58-1A09F0DDE643}.Release|x86.ActiveCfg = Release|x86
		{1409EB77-F570-4C7F-AC58-1A09F0DDE643}.Release|x86.Build.0 = Release|x86
	EndGlobalSection
	GlobalSection(SolutionProperties) = preSolution
		HideSolutionNode = FALSE
	EndGlobalSection
EndGlobal
